
Microsoft Visual Studio Solution File, Format Version 12.00
# Visual Studio 2015
Project("{FAE04EC0-301F-11D3-BF4B-00C04F79EFBC}") = "Rabbert Clyne.CSharp", "Rabbert Clyne.CSharp.csproj", "{FD29AC09-D731-53FA-06A4-3B1723668FDC}"
EndProject
Project("{FAE04EC0-301F-11D3-BF4B-00C04F79EFBC}") = "Rabbert Clyne.CSharp.Editor", "Rabbert Clyne.CSharp.Editor.csproj", "{4FB99BEA-087C-6C44-7B73-56CAADC619D6}"
EndProject
Global
	GlobalSection(SolutionConfigurationPlatforms) = preSolution
		Debug|Any CPU = Debug|Any CPU
		Release|Any CPU = Release|Any CPU
	EndGlobalSection
	GlobalSection(ProjectConfigurationPlatforms) = postSolution
		{FD29AC09-D731-53FA-06A4-3B1723668FDC}.Debug|Any CPU.ActiveCfg = Debug|Any CPU
		{FD29AC09-D731-53FA-06A4-3B1723668FDC}.Debug|Any CPU.Build.0 = Debug|Any CPU
		{FD29AC09-D731-53FA-06A4-3B1723668FDC}.Release|Any CPU.ActiveCfg = Release|Any CPU
		{FD29AC09-D731-53FA-06A4-3B1723668FDC}.Release|Any CPU.Build.0 = Release|Any CPU
		{4FB99BEA-087C-6C44-7B73-56CAADC619D6}.Debug|Any CPU.ActiveCfg = Debug|Any CPU
		{4FB99BEA-087C-6C44-7B73-56CAADC619D6}.Debug|Any CPU.Build.0 = Debug|Any CPU
		{4FB99BEA-087C-6C44-7B73-56CAADC619D6}.Release|Any CPU.ActiveCfg = Release|Any CPU
		{4FB99BEA-087C-6C44-7B73-56CAADC619D6}.Release|Any CPU.Build.0 = Release|Any CPU
	EndGlobalSection
	GlobalSection(SolutionProperties) = preSolution
		HideSolutionNode = FALSE
	EndGlobalSection
EndGlobal
